
Microsoft Visual Studio Solution File, Format Version 12.00
# Visual Studio Version 16
VisualStudioVersion = 16.0.30804.86
MinimumVisualStudioVersion = 10.0.40219.1
Project("{FAE04EC0-301F-11D3-BF4B-00C04F79EFBC}") = "KutseApp", "KutseApp.csproj", "{7F356934-30A2-499F-A5AF-D2B1DD48027B}"
EndProject
Global
	GlobalSection(SolutionConfigurationPlatforms) = preSolution
		Debug|Any CPU = Debug|Any CPU
		Release|Any CPU = Release|Any CPU
	EndGlobalSection
	GlobalSection(ProjectConfigurationPlatforms) = postSolution
		{7F356934-30A2-499F-A5AF-D2B1DD48027B}.Debug|Any CPU.ActiveCfg = Debug|Any CPU
		{7F356934-30A2-499F-A5AF-D2B1DD48027B}.Debug|Any CPU.Build.0 = Debug|Any CPU
		{7F356934-30A2-499F-A5AF-D2B1DD48027B}.Release|Any CPU.ActiveCfg = Release|Any CPU
		{7F356934-30A2-499F-A5AF-D2B1DD48027B}.Release|Any CPU.Build.0 = Release|Any CPU
	EndGlobalSection
	GlobalSection(SolutionProperties) = preSolution
		HideSolutionNode = FALSE
	EndGlobalSection
	GlobalSection(ExtensibilityGlobals) = postSolution
		SolutionGuid = {99109DC5-850B-40D4-8FA8-5D0CB73016F4}
	EndGlobalSection
EndGlobal
